
Microsoft Visual Studio Solution File, Format Version 12.00
# Visual Studio Version 17
VisualStudioVersion = 17.2.32616.157
MinimumVisualStudioVersion = 10.0.40219.1
Project("{FAE04EC0-301F-11D3-BF4B-00C04F79EFBC}") = "RO_TOKEN", "RO_TOKEN.csproj", "{ED51F487-51EA-4049-9CAE-B230BCC131B9}"
EndProject
Global
	GlobalSection(SolutionConfigurationPlatforms) = preSolution
		Debug|Any CPU = Debug|Any CPU
		Release|Any CPU = Release|Any CPU
	EndGlobalSection
	GlobalSection(ProjectConfigurationPlatforms) = postSolution
		{ED51F487-51EA-4049-9CAE-B230BCC131B9}.Debug|Any CPU.ActiveCfg = Debug|Any CPU
		{ED51F487-51EA-4049-9CAE-B230BCC131B9}.Debug|Any CPU.Build.0 = Debug|Any CPU
		{ED51F487-51EA-4049-9CAE-B230BCC131B9}.Release|Any CPU.ActiveCfg = Release|Any CPU
		{ED51F487-51EA-4049-9CAE-B230BCC131B9}.Release|Any CPU.Build.0 = Release|Any CPU
	EndGlobalSection
	GlobalSection(SolutionProperties) = preSolution
		HideSolutionNode = FALSE
	EndGlobalSection
	GlobalSection(ExtensibilityGlobals) = postSolution
		SolutionGuid = {158E708F-75EB-4229-A068-DD9423031382}
	EndGlobalSection
EndGlobal
